
Microsoft Visual Studio Solution File, Format Version 12.00
# Visual Studio Version 16
VisualStudioVersion = 16.0.31205.134
MinimumVisualStudioVersion = 10.0.40219.1
Project("{9A19103F-16F7-4668-BE54-9A1E7A4F7556}") = "TruYumWebApiInAzure", "TruYumWebApiInAzure\TruYumWebApiInAzure.csproj", "{CEC04B2B-1E78-4C1F-9366-41FAA6862F78}"
EndProject
Project("{E53339B2-1760-4266-BCC7-CA923CBCF16C}") = "docker-compose", "docker-compose.dcproj", "{585FAFC1-F091-433E-B7A9-4C9EB475F2A4}"
EndProject
Global
	GlobalSection(SolutionConfigurationPlatforms) = preSolution
		Debug|Any CPU = Debug|Any CPU
		Release|Any CPU = Release|Any CPU
	EndGlobalSection
	GlobalSection(ProjectConfigurationPlatforms) = postSolution
		{CEC04B2B-1E78-4C1F-9366-41FAA6862F78}.Debug|Any CPU.ActiveCfg = Debug|Any CPU
		{CEC04B2B-1E78-4C1F-9366-41FAA6862F78}.Debug|Any CPU.Build.0 = Debug|Any CPU
		{CEC04B2B-1E78-4C1F-9366-41FAA6862F78}.Release|Any CPU.ActiveCfg = Release|Any CPU
		{CEC04B2B-1E78-4C1F-9366-41FAA6862F78}.Release|Any CPU.Build.0 = Release|Any CPU
		{585FAFC1-F091-433E-B7A9-4C9EB475F2A4}.Debug|Any CPU.ActiveCfg = Debug|Any CPU
		{585FAFC1-F091-433E-B7A9-4C9EB475F2A4}.Debug|Any CPU.Build.0 = Debug|Any CPU
		{585FAFC1-F091-433E-B7A9-4C9EB475F2A4}.Release|Any CPU.ActiveCfg = Release|Any CPU
		{585FAFC1-F091-433E-B7A9-4C9EB475F2A4}.Release|Any CPU.Build.0 = Release|Any CPU
	EndGlobalSection
	GlobalSection(SolutionProperties) = preSolution
		HideSolutionNode = FALSE
	EndGlobalSection
	GlobalSection(ExtensibilityGlobals) = postSolution
		SolutionGuid = {903CA98E-FEB7-4ED1-9B0A-9FDE9292C552}
	EndGlobalSection
EndGlobal
